
Microsoft Visual Studio Solution File, Format Version 12.00
# Visual Studio Version 17
VisualStudioVersion = 17.0.32126.317
MinimumVisualStudioVersion = 10.0.40219.1
Project("{FAE04EC0-301F-11D3-BF4B-00C04F79EFBC}") = "ByteBank_VAI", "ByteBank_VAI\ByteBank_VAI.csproj", "{F2178347-09A4-4A84-9DE6-8C9CD61CEAE7}"
EndProject
Project("{FAE04EC0-301F-11D3-BF4B-00C04F79EFBC}") = "ByteBank.Modelos", "ByteBank.Modelos\ByteBank.Modelos.csproj", "{80F1E3CF-1C1D-480F-AE5F-351959152732}"
EndProject
Global
	GlobalSection(SolutionConfigurationPlatforms) = preSolution
		Debug|Any CPU = Debug|Any CPU
		Release|Any CPU = Release|Any CPU
	EndGlobalSection
	GlobalSection(ProjectConfigurationPlatforms) = postSolution
		{F2178347-09A4-4A84-9DE6-8C9CD61CEAE7}.Debug|Any CPU.ActiveCfg = Debug|Any CPU
		{F2178347-09A4-4A84-9DE6-8C9CD61CEAE7}.Debug|Any CPU.Build.0 = Debug|Any CPU
		{F2178347-09A4-4A84-9DE6-8C9CD61CEAE7}.Release|Any CPU.ActiveCfg = Release|Any CPU
		{F2178347-09A4-4A84-9DE6-8C9CD61CEAE7}.Release|Any CPU.Build.0 = Release|Any CPU
		{80F1E3CF-1C1D-480F-AE5F-351959152732}.Debug|Any CPU.ActiveCfg = Debug|Any CPU
		{80F1E3CF-1C1D-480F-AE5F-351959152732}.Debug|Any CPU.Build.0 = Debug|Any CPU
		{80F1E3CF-1C1D-480F-AE5F-351959152732}.Release|Any CPU.ActiveCfg = Release|Any CPU
		{80F1E3CF-1C1D-480F-AE5F-351959152732}.Release|Any CPU.Build.0 = Release|Any CPU
	EndGlobalSection
	GlobalSection(SolutionProperties) = preSolution
		HideSolutionNode = FALSE
	EndGlobalSection
	GlobalSection(ExtensibilityGlobals) = postSolution
		SolutionGuid = {BF37B071-B611-4189-92FE-8DCCA163C628}
	EndGlobalSection
EndGlobal
