
Microsoft Visual Studio Solution File, Format Version 12.00
# Visual Studio Version 17
VisualStudioVersion = 17.0.32126.317
MinimumVisualStudioVersion = 10.0.40219.1
Project("{9A19103F-16F7-4668-BE54-9A1E7A4F7556}") = "ByteBank", "..\C2_Introducao_a_Orientacao_a_Objetos\7-ByteBank\ByteBank.csproj", "{460EC227-445B-4E20-975A-4D057F5C883C}"
EndProject
Project("{9A19103F-16F7-4668-BE54-9A1E7A4F7556}") = "TesteMetodos", "TesteMetodos\TesteMetodos.csproj", "{DEA7BA01-2275-4FC5-ABE9-84C63BA895BF}"
EndProject
Global
	GlobalSection(SolutionConfigurationPlatforms) = preSolution
		Debug|Any CPU = Debug|Any CPU
		Release|Any CPU = Release|Any CPU
	EndGlobalSection
	GlobalSection(ProjectConfigurationPlatforms) = postSolution
		{460EC227-445B-4E20-975A-4D057F5C883C}.Debug|Any CPU.ActiveCfg = Debug|Any CPU
		{460EC227-445B-4E20-975A-4D057F5C883C}.Debug|Any CPU.Build.0 = Debug|Any CPU
		{460EC227-445B-4E20-975A-4D057F5C883C}.Release|Any CPU.ActiveCfg = Release|Any CPU
		{460EC227-445B-4E20-975A-4D057F5C883C}.Release|Any CPU.Build.0 = Release|Any CPU
		{DEA7BA01-2275-4FC5-ABE9-84C63BA895BF}.Debug|Any CPU.ActiveCfg = Debug|Any CPU
		{DEA7BA01-2275-4FC5-ABE9-84C63BA895BF}.Debug|Any CPU.Build.0 = Debug|Any CPU
		{DEA7BA01-2275-4FC5-ABE9-84C63BA895BF}.Release|Any CPU.ActiveCfg = Release|Any CPU
		{DEA7BA01-2275-4FC5-ABE9-84C63BA895BF}.Release|Any CPU.Build.0 = Release|Any CPU
	EndGlobalSection
	GlobalSection(SolutionProperties) = preSolution
		HideSolutionNode = FALSE
	EndGlobalSection
	GlobalSection(ExtensibilityGlobals) = postSolution
		SolutionGuid = {968850B5-6295-439B-BF6E-8C16652CB419}
	EndGlobalSection
EndGlobal
